
Microsoft Visual Studio Solution File, Format Version 12.00
# Visual Studio Version 17
VisualStudioVersion = 17.9.34728.123
MinimumVisualStudioVersion = 10.0.40219.1
Project("{FAE04EC0-301F-11D3-BF4B-00C04F79EFBC}") = "TotalCommander", "TotalCommander\TotalCommander.csproj", "{1159BBFA-DE58-4710-970C-27AB088C74CD}"
EndProject
Global
	GlobalSection(SolutionConfigurationPlatforms) = preSolution
		Debug|Any CPU = Debug|Any CPU
		Release|Any CPU = Release|Any CPU
	EndGlobalSection
	GlobalSection(ProjectConfigurationPlatforms) = postSolution
		{1159BBFA-DE58-4710-970C-27AB088C74CD}.Debug|Any CPU.ActiveCfg = Debug|Any CPU
		{1159BBFA-DE58-4710-970C-27AB088C74CD}.Debug|Any CPU.Build.0 = Debug|Any CPU
		{1159BBFA-DE58-4710-970C-27AB088C74CD}.Release|Any CPU.ActiveCfg = Release|Any CPU
		{1159BBFA-DE58-4710-970C-27AB088C74CD}.Release|Any CPU.Build.0 = Release|Any CPU
	EndGlobalSection
	GlobalSection(SolutionProperties) = preSolution
		HideSolutionNode = FALSE
	EndGlobalSection
	GlobalSection(ExtensibilityGlobals) = postSolution
		SolutionGuid = {B75EEFF5-6AE8-4676-85C9-5022C83FC645}
	EndGlobalSection
EndGlobal
